// !$*UTF8*$!
{
	archiveVersion = 1;
	classes = {
	};
	objectVersion = 46;
	objects = {

/* Begin PBXBuildFile section */
		D212D7D018D9EBA000B4F852 /* Foundation.framework in Frameworks */ = {isa = PBXBuildFile; fileRef = D212D7CF18D9EBA000B4F852 /* Foundation.framework */; };
		D212D7D218D9EBA000B4F852 /* CoreGraphics.framework in Frameworks */ = {isa = PBXBuildFile; fileRef = D212D7D118D9EBA000B4F852 /* CoreGraphics.framework */; };
		D212D7D418D9EBA000B4F852 /* UIKit.framework in Frameworks */ = {isa = PBXBuildFile; fileRef = D212D7D318D9EBA000B4F852 /* UIKit.framework */; };
		D212D7DA18D9EBA000B4F852 /* InfoPlist.strings in Resources */ = {isa = PBXBuildFile; fileRef = D212D7D818D9EBA000B4F852 /* InfoPlist.strings */; };
		D212D7DC18D9EBA000B4F852 /* main.m in Sources */ = {isa = PBXBuildFile; fileRef = D212D7DB18D9EBA000B4F852 /* main.m */; };
		D212D7E018D9EBA000B4F852 /* AppDelegate.m in Sources */ = {isa = PBXBuildFile; fileRef = D212D7DF18D9EBA000B4F852 /* AppDelegate.m */; };
		D212D7E318D9EBA000B4F852 /* Main.storyboard in Resources */ = {isa = PBXBuildFile; fileRef = D212D7E118D9EBA000B4F852 /* Main.storyboard */; };
		D212D7E818D9EBA000B4F852 /* Images.xcassets in Resources */ = {isa = PBXBuildFile; fileRef = D212D7E718D9EBA000B4F852 /* Images.xcassets */; };
		D212D7EF18D9EBA000B4F852 /* XCTest.framework in Frameworks */ = {isa = PBXBuildFile; fileRef = D212D7EE18D9EBA000B4F852 /* XCTest.framework */; };
		D212D7F018D9EBA000B4F852 /* Foundation.framework in Frameworks */ = {isa = PBXBuildFile; fileRef = D212D7CF18D9EBA000B4F852 /* Foundation.framework */; };
		D212D7F118D9EBA000B4F852 /* UIKit.framework in Frameworks */ = {isa = PBXBuildFile; fileRef = D212D7D318D9EBA000B4F852 /* UIKit.framework */; };
		D212D7F918D9EBA000B4F852 /* InfoPlist.strings in Resources */ = {isa = PBXBuildFile; fileRef = D212D7F718D9EBA000B4F852 /* InfoPlist.strings */; };
		D212D7FB18D9EBA000B4F852 /* DrillDownSingleTableViewTests.m in Sources */ = {isa = PBXBuildFile; fileRef = D212D7FA18D9EBA000B4F852 /* DrillDownSingleTableViewTests.m */; };
		D212D80618D9EBC000B4F852 /* FirstTableViewController.m in Sources */ = {isa = PBXBuildFile; fileRef = D212D80518D9EBC000B4F852 /* FirstTableViewController.m */; };
		D212D80918D9ED5700B4F852 /* Cell.m in Sources */ = {isa = PBXBuildFile; fileRef = D212D80818D9ED5700B4F852 /* Cell.m */; };
		D2D4BCDB18DA0E6E00DBC12E /* arrow.png in Resources */ = {isa = PBXBuildFile; fileRef = D2D4BCDA18DA0E6E00DBC12E /* arrow.png */; };
/* End PBXBuildFile section */

/* Begin PBXContainerItemProxy section */
		D212D7F218D9EBA000B4F852 /* PBXContainerItemProxy */ = {
			isa = PBXContainerItemProxy;
			containerPortal = D212D7C418D9EBA000B4F852 /* Project object */;
			proxyType = 1;
			remoteGlobalIDString = D212D7CB18D9EBA000B4F852;
			remoteInfo = DrillDownSingleTableView;
		};
/* End PBXContainerItemProxy section */

/* Begin PBXFileReference section */
		D212D7CC18D9EBA000B4F852 /* DrillDownSingleTableView.app */ = {isa = PBXFileReference; explicitFileType = wrapper.application; includeInIndex = 0; path = DrillDownSingleTableView.app; sourceTree = BUILT_PRODUCTS_DIR; };
		D212D7CF18D9EBA000B4F852 /* Foundation.framework */ = {isa = PBXFileReference; lastKnownFileType = wrapper.framework; name = Foundation.framework; path = System/Library/Frameworks/Foundation.framework; sourceTree = SDKROOT; };
		D212D7D118D9EBA000B4F852 /* CoreGraphics.framework */ = {isa = PBXFileReference; lastKnownFileType = wrapper.framework; name = CoreGraphics.framework; path = System/Library/Frameworks/CoreGraphics.framework; sourceTree = SDKROOT; };
		D212D7D318D9EBA000B4F852 /* UIKit.framework */ = {isa = PBXFileReference; lastKnownFileType = wrapper.framework; name = UIKit.framework; path = System/Library/Frameworks/UIKit.framework; sourceTree = SDKROOT; };
		D212D7D718D9EBA000B4F852 /* DrillDownSingleTableView-Info.plist */ = {isa = PBXFileReference; lastKnownFileType = text.plist.xml; path = "DrillDownSingleTableView-Info.plist"; sourceTree = "<group>"; };
		D212D7D918D9EBA000B4F852 /* en */ = {isa = PBXFileReference; lastKnownFileType = text.plist.strings; name = en; path = en.lproj/InfoPlist.strings; sourceTree = "<group>"; };
		D212D7DB18D9EBA000B4F852 /* main.m */ = {isa = PBXFileReference; lastKnownFileType = sourcecode.c.objc; path = main.m; sourceTree = "<group>"; };
		D212D7DD18D9EBA000B4F852 /* DrillDownSingleTableView-Prefix.pch */ = {isa = PBXFileReference; lastKnownFileType = sourcecode.c.h; path = "DrillDownSingleTableView-Prefix.pch"; sourceTree = "<group>"; };
		D212D7DE18D9EBA000B4F852 /* AppDelegate.h */ = {isa = PBXFileReference; lastKnownFileType = sourcecode.c.h; path = AppDelegate.h; sourceTree = "<group>"; };
		D212D7DF18D9EBA000B4F852 /* AppDelegate.m */ = {isa = PBXFileReference; lastKnownFileType = sourcecode.c.objc; path = AppDelegate.m; sourceTree = "<group>"; };
		D212D7E218D9EBA000B4F852 /* Base */ = {isa = PBXFileReference; lastKnownFileType = file.storyboard; name = Base; path = Base.lproj/Main.storyboard; sourceTree = "<group>"; };
		D212D7E718D9EBA000B4F852 /* Images.xcassets */ = {isa = PBXFileReference; lastKnownFileType = folder.assetcatalog; path = Images.xcassets; sourceTree = "<group>"; };
		D212D7ED18D9EBA000B4F852 /* DrillDownSingleTableViewTests.xctest */ = {isa = PBXFileReference; explicitFileType = wrapper.cfbundle; includeInIndex = 0; path = DrillDownSingleTableViewTests.xctest; sourceTree = BUILT_PRODUCTS_DIR; };
		D212D7EE18D9EBA000B4F852 /* XCTest.framework */ = {isa = PBXFileReference; lastKnownFileType = wrapper.framework; name = XCTest.framework; path = Library/Frameworks/XCTest.framework; sourceTree = DEVELOPER_DIR; };
		D212D7F618D9EBA000B4F852 /* DrillDownSingleTableViewTests-Info.plist */ = {isa = PBXFileReference; lastKnownFileType = text.plist.xml; path = "DrillDownSingleTableViewTests-Info.plist"; sourceTree = "<group>"; };
		D212D7F818D9EBA000B4F852 /* en */ = {isa = PBXFileReference; lastKnownFileType = text.plist.strings; name = en; path = en.lproj/InfoPlist.strings; sourceTree = "<group>"; };
		D212D7FA18D9EBA000B4F852 /* DrillDownSingleTableViewTests.m */ = {isa = PBXFileReference; lastKnownFileType = sourcecode.c.objc; path = DrillDownSingleTableViewTests.m; sourceTree = "<group>"; };
		D212D80418D9EBC000B4F852 /* FirstTableViewController.h */ = {isa = PBXFileReference; fileEncoding = 4; lastKnownFileType = sourcecode.c.h; path = FirstTableViewController.h; sourceTree = "<group>"; };
		D212D80518D9EBC000B4F852 /* FirstTableViewController.m */ = {isa = PBXFileReference; fileEncoding = 4; lastKnownFileType = sourcecode.c.objc; path = FirstTableViewController.m; sourceTree = "<group>"; };
		D212D80718D9ED5700B4F852 /* Cell.h */ = {isa = PBXFileReference; fileEncoding = 4; lastKnownFileType = sourcecode.c.h; path = Cell.h; sourceTree = "<group>"; };
		D212D80818D9ED5700B4F852 /* Cell.m */ = {isa = PBXFileReference; fileEncoding = 4; lastKnownFileType = sourcecode.c.objc; path = Cell.m; sourceTree = "<group>"; };
		D2AB7E1C18D9FBE000ACF296 /* DrillDelegate.h */ = {isa = PBXFileReference; fileEncoding = 4; lastKnownFileType = sourcecode.c.h; path = DrillDelegate.h; sourceTree = "<group>"; };
		D2D4BCDA18DA0E6E00DBC12E /* arrow.png */ = {isa = PBXFileReference; lastKnownFileType = image.png; path = arrow.png; sourceTree = "<group>"; };
/* End PBXFileReference section */

/* Begin PBXFrameworksBuildPhase section */
		D212D7C918D9EBA000B4F852 /* Frameworks */ = {
			isa = PBXFrameworksBuildPhase;
			buildActionMask = 2147483647;
			files = (
				D212D7D218D9EBA000B4F852 /* CoreGraphics.framework in Frameworks */,
				D212D7D418D9EBA000B4F852 /* UIKit.framework in Frameworks */,
				D212D7D018D9EBA000B4F852 /* Foundation.framework in Frameworks */,
			);
			runOnlyForDeploymentPostprocessing = 0;
		};
		D212D7EA18D9EBA000B4F852 /* Frameworks */ = {
			isa = PBXFrameworksBuildPhase;
			buildActionMask = 2147483647;
			files = (
				D212D7EF18D9EBA000B4F852 /* XCTest.framework in Frameworks */,
				D212D7F118D9EBA000B4F852 /* UIKit.framework in Frameworks */,
				D212D7F018D9EBA000B4F852 /* Foundation.framework in Frameworks */,
			);
			runOnlyForDeploymentPostprocessing = 0;
		};
/* End PBXFrameworksBuildPhase section */

/* Begin PBXGroup section */
		D212D7C318D9EBA000B4F852 = {
			isa = PBXGroup;
			children = (
				D212D7D518D9EBA000B4F852 /* DrillDownSingleTableView */,
				D212D7F418D9EBA000B4F852 /* DrillDownSingleTableViewTests */,
				D212D7CE18D9EBA000B4F852 /* Frameworks */,
				D212D7CD18D9EBA000B4F852 /* Products */,
			);
			sourceTree = "<group>";
		};
		D212D7CD18D9EBA000B4F852 /* Products */ = {
			isa = PBXGroup;
			children = (
				D212D7CC18D9EBA000B4F852 /* DrillDownSingleTableView.app */,
				D212D7ED18D9EBA000B4F852 /* DrillDownSingleTableViewTests.xctest */,
			);
			name = Products;
			sourceTree = "<group>";
		};
		D212D7CE18D9EBA000B4F852 /* Frameworks */ = {
			isa = PBXGroup;
			children = (
				D212D7CF18D9EBA000B4F852 /* Foundation.framework */,
				D212D7D118D9EBA000B4F852 /* CoreGraphics.framework */,
				D212D7D318D9EBA000B4F852 /* UIKit.framework */,
				D212D7EE18D9EBA000B4F852 /* XCTest.framework */,
			);
			name = Frameworks;
			sourceTree = "<group>";
		};
		D212D7D518D9EBA000B4F852 /* DrillDownSingleTableView */ = {
			isa = PBXGroup;
			children = (
				D212D7DE18D9EBA000B4F852 /* AppDelegate.h */,
				D212D7DF18D9EBA000B4F852 /* AppDelegate.m */,
				D212D7E118D9EBA000B4F852 /* Main.storyboard */,
				D212D80418D9EBC000B4F852 /* FirstTableViewController.h */,
				D212D80518D9EBC000B4F852 /* FirstTableViewController.m */,
				D212D80718D9ED5700B4F852 /* Cell.h */,
				D212D80818D9ED5700B4F852 /* Cell.m */,
				D2AB7E1C18D9FBE000ACF296 /* DrillDelegate.h */,
				D212D7E718D9EBA000B4F852 /* Images.xcassets */,
				D2D4BCDA18DA0E6E00DBC12E /* arrow.png */,
				D212D7D618D9EBA000B4F852 /* Supporting Files */,
			);
			path = DrillDownSingleTableView;
			sourceTree = "<group>";
		};
		D212D7D618D9EBA000B4F852 /* Supporting Files */ = {
			isa = PBXGroup;
			children = (
				D212D7D718D9EBA000B4F852 /* DrillDownSingleTableView-Info.plist */,
				D212D7D818D9EBA000B4F852 /* InfoPlist.strings */,
				D212D7DB18D9EBA000B4F852 /* main.m */,
				D212D7DD18D9EBA000B4F852 /* DrillDownSingleTableView-Prefix.pch */,
			);
			name = "Supporting Files";
			sourceTree = "<group>";
		};
		D212D7F418D9EBA000B4F852 /* DrillDownSingleTableViewTests */ = {
			isa = PBXGroup;
			children = (
				D212D7FA18D9EBA000B4F852 /* DrillDownSingleTableViewTests.m */,
				D212D7F518D9EBA000B4F852 /* Supporting Files */,
			);
			path = DrillDownSingleTableViewTests;
			sourceTree = "<group>";
		};
		D212D7F518D9EBA000B4F852 /* Supporting Files */ = {
			isa = PBXGroup;
			children = (
				D212D7F618D9EBA000B4F852 /* DrillDownSingleTableViewTests-Info.plist */,
				D212D7F718D9EBA000B4F852 /* InfoPlist.strings */,
			);
			name = "Supporting Files";
			sourceTree = "<group>";
		};
/* End PBXGroup section */

/* Begin PBXNativeTarget section */
		D212D7CB18D9EBA000B4F852 /* DrillDownSingleTableView */ = {
			isa = PBXNativeTarget;
			buildConfigurationList = D212D7FE18D9EBA000B4F852 /* Build configuration list for PBXNativeTarget "DrillDownSingleTableView" */;
			buildPhases = (
				D212D7C818D9EBA000B4F852 /* Sources */,
				D212D7C918D9EBA000B4F852 /* Frameworks */,
				D212D7CA18D9EBA000B4F852 /* Resources */,
			);
			buildRules = (
			);
			dependencies = (
			);
			name = DrillDownSingleTableView;
			productName = DrillDownSingleTableView;
			productReference = D212D7CC18D9EBA000B4F852 /* DrillDownSingleTableView.app */;
			productType = "com.apple.product-type.application";
		};
		D212D7EC18D9EBA000B4F852 /* DrillDownSingleTableViewTests */ = {
			isa = PBXNativeTarget;
			buildConfigurationList = D212D80118D9EBA000B4F852 /* Build configuration list for PBXNativeTarget "DrillDownSingleTableViewTests" */;
			buildPhases = (
				D212D7E918D9EBA000B4F852 /* Sources */,
				D212D7EA18D9EBA000B4F852 /* Frameworks */,
				D212D7EB18D9EBA000B4F852 /* Resources */,
			);
			buildRules = (
			);
			dependencies = (
				D212D7F318D9EBA000B4F852 /* PBXTargetDependency */,
			);
			name = DrillDownSingleTableViewTests;
			productName = DrillDownSingleTableViewTests;
			productReference = D212D7ED18D9EBA000B4F852 /* DrillDownSingleTableViewTests.xctest */;
			productType = "com.apple.product-type.bundle.unit-test";
		};
/* End PBXNativeTarget section */

/* Begin PBXProject section */
		D212D7C418D9EBA000B4F852 /* Project object */ = {
			isa = PBXProject;
			attributes = {
				LastUpgradeCheck = 0510;
				ORGANIZATIONNAME = RAM4LLC;
				TargetAttributes = {
					D212D7EC18D9EBA000B4F852 = {
						TestTargetID = D212D7CB18D9EBA000B4F852;
					};
				};
			};
			buildConfigurationList = D212D7C718D9EBA000B4F852 /* Build configuration list for PBXProject "DrillDownSingleTableView" */;
			compatibilityVersion = "Xcode 3.2";
			developmentRegion = English;
			hasScannedForEncodings = 0;
			knownRegions = (
				en,
				Base,
			);
			mainGroup = D212D7C318D9EBA000B4F852;
			productRefGroup = D212D7CD18D9EBA000B4F852 /* Products */;
			projectDirPath = "";
			projectRoot = "";
			targets = (
				D212D7CB18D9EBA000B4F852 /* DrillDownSingleTableView */,
				D212D7EC18D9EBA000B4F852 /* DrillDownSingleTableViewTests */,
			);
		};
/* End PBXProject section */

/* Begin PBXResourcesBuildPhase section */
		D212D7CA18D9EBA000B4F852 /* Resources */ = {
			isa = PBXResourcesBuildPhase;
			buildActionMask = 2147483647;
			files = (
				D212D7E818D9EBA000B4F852 /* Images.xcassets in Resources */,
				D212D7DA18D9EBA000B4F852 /* InfoPlist.strings in Resources */,
				D212D7E318D9EBA000B4F852 /* Main.storyboard in Resources */,
				D2D4BCDB18DA0E6E00DBC12E /* arrow.png in Resources */,
			);
			runOnlyForDeploymentPostprocessing = 0;
		};
		D212D7EB18D9EBA000B4F852 /* Resources */ = {
			isa = PBXResourcesBuildPhase;
			buildActionMask = 2147483647;
			files = (
				D212D7F918D9EBA000B4F852 /* InfoPlist.strings in Resources */,
			);
			runOnlyForDeploymentPostprocessing = 0;
		};
/* End PBXResourcesBuildPhase section */

/* Begin PBXSourcesBuildPhase section */
		D212D7C818D9EBA000B4F852 /* Sources */ = {
			isa = PBXSourcesBuildPhase;
			buildActionMask = 2147483647;
			files = (
				D212D7E018D9EBA000B4F852 /* AppDelegate.m in Sources */,
				D212D80918D9ED5700B4F852 /* Cell.m in Sources */,
				D212D7DC18D9EBA000B4F852 /* main.m in Sources */,
				D212D80618D9EBC000B4F852 /* FirstTableViewController.m in Sources */,
			);
			runOnlyForDeploymentPostprocessing = 0;
		};
		D212D7E918D9EBA000B4F852 /* Sources */ = {
			isa = PBXSourcesBuildPhase;
			buildActionMask = 2147483647;
			files = (
				D212D7FB18D9EBA000B4F852 /* DrillDownSingleTableViewTests.m in Sources */,
			);
			runOnlyForDeploymentPostprocessing = 0;
		};
/* End PBXSourcesBuildPhase section */

/* Begin PBXTargetDependency section */
		D212D7F318D9EBA000B4F852 /* PBXTargetDependency */ = {
			isa = PBXTargetDependency;
			target = D212D7CB18D9EBA000B4F852 /* DrillDownSingleTableView */;
			targetProxy = D212D7F218D9EBA000B4F852 /* PBXContainerItemProxy */;
		};
/* End PBXTargetDependency section */

/* Begin PBXVariantGroup section */
		D212D7D818D9EBA000B4F852 /* InfoPlist.strings */ = {
			isa = PBXVariantGroup;
			children = (
				D212D7D918D9EBA000B4F852 /* en */,
			);
			name = InfoPlist.strings;
			sourceTree = "<group>";
		};
		D212D7E118D9EBA000B4F852 /* Main.storyboard */ = {
			isa = PBXVariantGroup;
			children = (
				D212D7E218D9EBA000B4F852 /* Base */,
			);
			name = Main.storyboard;
			sourceTree = "<group>";
		};
		D212D7F718D9EBA000B4F852 /* InfoPlist.strings */ = {
			isa = PBXVariantGroup;
			children = (
				D212D7F818D9EBA000B4F852 /* en */,
			);
			name = InfoPlist.strings;
			sourceTree = "<group>";
		};
/* End PBXVariantGroup section */

/* Begin XCBuildConfiguration section */
		D212D7FC18D9EBA000B4F852 /* Debug */ = {
			isa = XCBuildConfiguration;
			buildSettings = {
				ALWAYS_SEARCH_USER_PATHS = NO;
				CLANG_CXX_LANGUAGE_STANDARD = "gnu++0x";
				CLANG_CXX_LIBRARY = "libc++";
				CLANG_ENABLE_MODULES = YES;
				CLANG_ENABLE_OBJC_ARC = YES;
				CLANG_WARN_BOOL_CONVERSION = YES;
				CLANG_WARN_CONSTANT_CONVERSION = YES;
				CLANG_WARN_DIRECT_OBJC_ISA_USAGE = YES_ERROR;
				CLANG_WARN_EMPTY_BODY = YES;
				CLANG_WARN_ENUM_CONVERSION = YES;
				CLANG_WARN_INT_CONVERSION = YES;
				CLANG_WARN_OBJC_ROOT_CLASS = YES_ERROR;
				CLANG_WARN__DUPLICATE_METHOD_MATCH = YES;
				"CODE_SIGN_IDENTITY[sdk=iphoneos*]" = "iPhone Developer";
				COPY_PHASE_STRIP = NO;
				GCC_C_LANGUAGE_STANDARD = gnu99;
				GCC_DYNAMIC_NO_PIC = NO;
				GCC_OPTIMIZATION_LEVEL = 0;
				GCC_PREPROCESSOR_DEFINITIONS = (
					"DEBUG=1",
					"$(inherited)",
				);
				GCC_SYMBOLS_PRIVATE_EXTERN = NO;
				GCC_WARN_64_TO_32_BIT_CONVERSION = YES;
				GCC_WARN_ABOUT_RETURN_TYPE = YES_ERROR;
				GCC_WARN_UNDECLARED_SELECTOR = YES;
				GCC_WARN_UNINITIALIZED_AUTOS = YES_AGGRESSIVE;
				GCC_WARN_UNUSED_FUNCTION = YES;
				GCC_WARN_UNUSED_VARIABLE = YES;
				IPHONEOS_DEPLOYMENT_TARGET = 6.0;
				ONLY_ACTIVE_ARCH = YES;
				SDKROOT = iphoneos;
			};
			name = Debug;
		};
		D212D7FD18D9EBA000B4F852 /* Release */ = {
			isa = XCBuildConfiguration;
			buildSettings = {
				ALWAYS_SEARCH_USER_PATHS = NO;
				CLANG_CXX_LANGUAGE_STANDARD = "gnu++0x";
				CLANG_CXX_LIBRARY = "libc++";
				CLANG_ENABLE_MODULES = YES;
				CLANG_ENABLE_OBJC_ARC = YES;
				CLANG_WARN_BOOL_CONVERSION = YES;
				CLANG_WARN_CONSTANT_CONVERSION = YES;
				CLANG_WARN_DIRECT_OBJC_ISA_USAGE = YES_ERROR;
				CLANG_WARN_EMPTY_BODY = YES;
				CLANG_WARN_ENUM_CONVERSION = YES;
				CLANG_WARN_INT_CONVERSION = YES;
				CLANG_WARN_OBJC_ROOT_CLASS = YES_ERROR;
				CLANG_WARN__DUPLICATE_METHOD_MATCH = YES;
				"CODE_SIGN_IDENTITY[sdk=iphoneos*]" = "iPhone Developer";
				COPY_PHASE_STRIP = YES;
				ENABLE_NS_ASSERTIONS = NO;
				GCC_C_LANGUAGE_STANDARD = gnu99;
				GCC_WARN_64_TO_32_BIT_CONVERSION = YES;
				GCC_WARN_ABOUT_RETURN_TYPE = YES_ERROR;
				GCC_WARN_UNDECLARED_SELECTOR = YES;
				GCC_WARN_UNINITIALIZED_AUTOS = YES_AGGRESSIVE;
				GCC_WARN_UNUSED_FUNCTION = YES;
				GCC_WARN_UNUSED_VARIABLE = YES;
				IPHONEOS_DEPLOYMENT_TARGET = 6.0;
				SDKROOT = iphoneos;
				VALIDATE_PRODUCT = YES;
			};
			name = Release;
		};
		D212D7FF18D9EBA000B4F852 /* Debug */ = {
			isa = XCBuildConfiguration;
			buildSettings = {
				ASSETCATALOG_COMPILER_APPICON_NAME = AppIcon;
				ASSETCATALOG_COMPILER_LAUNCHIMAGE_NAME = LaunchImage;
				GCC_PRECOMPILE_PREFIX_HEADER = YES;
				GCC_PREFIX_HEADER = "DrillDownSingleTableView/DrillDownSingleTableView-Prefix.pch";
				INFOPLIST_FILE = "DrillDownSingleTableView/DrillDownSingleTableView-Info.plist";
				IPHONEOS_DEPLOYMENT_TARGET = 6.0;
				PRODUCT_NAME = "$(TARGET_NAME)";
				WRAPPER_EXTENSION = app;
			};
			name = Debug;
		};
		D212D80018D9EBA000B4F852 /* Release */ = {
			isa = XCBuildConfiguration;
			buildSettings = {
				ASSETCATALOG_COMPILER_APPICON_NAME = AppIcon;
				ASSETCATALOG_COMPILER_LAUNCHIMAGE_NAME = LaunchImage;
				GCC_PRECOMPILE_PREFIX_HEADER = YES;
				GCC_PREFIX_HEADER = "DrillDownSingleTableView/DrillDownSingleTableView-Prefix.pch";
				INFOPLIST_FILE = "DrillDownSingleTableView/DrillDownSingleTableView-Info.plist";
				IPHONEOS_DEPLOYMENT_TARGET = 6.0;
				PRODUCT_NAME = "$(TARGET_NAME)";
				WRAPPER_EXTENSION = app;
			};
			name = Release;
		};
		D212D80218D9EBA000B4F852 /* Debug */ = {
			isa = XCBuildConfiguration;
			buildSettings = {
				BUNDLE_LOADER = "$(BUILT_PRODUCTS_DIR)/DrillDownSingleTableView.app/DrillDownSingleTableView";
				FRAMEWORK_SEARCH_PATHS = (
					"$(SDKROOT)/Developer/Library/Frameworks",
					"$(inherited)",
					"$(DEVELOPER_FRAMEWORKS_DIR)",
				);
				GCC_PRECOMPILE_PREFIX_HEADER = YES;
				GCC_PREFIX_HEADER = "DrillDownSingleTableView/DrillDownSingleTableView-Prefix.pch";
				GCC_PREPROCESSOR_DEFINITIONS = (
					"DEBUG=1",
					"$(inherited)",
				);
				INFOPLIST_FILE = "DrillDownSingleTableViewTests/DrillDownSingleTableViewTests-Info.plist";
				PRODUCT_NAME = "$(TARGET_NAME)";
				TEST_HOST = "$(BUNDLE_LOADER)";
				WRAPPER_EXTENSION = xctest;
			};
			name = Debug;
		};
		D212D80318D9EBA000B4F852 /* Release */ = {
			isa = XCBuildConfiguration;
			buildSettings = {
				BUNDLE_LOADER = "$(BUILT_PRODUCTS_DIR)/DrillDownSingleTableView.app/DrillDownSingleTableView";
				FRAMEWORK_SEARCH_PATHS = (
					"$(SDKROOT)/Developer/Library/Frameworks",
					"$(inherited)",
					"$(DEVELOPER_FRAMEWORKS_DIR)",
				);
				GCC_PRECOMPILE_PREFIX_HEADER = YES;
				GCC_PREFIX_HEADER = "DrillDownSingleTableView/DrillDownSingleTableView-Prefix.pch";
				INFOPLIST_FILE = "DrillDownSingleTableViewTests/DrillDownSingleTableViewTests-Info.plist";
				PRODUCT_NAME = "$(TARGET_NAME)";
				TEST_HOST = "$(BUNDLE_LOADER)";
				WRAPPER_EXTENSION = xctest;
			};
			name = Release;
		};
/* End XCBuildConfiguration section */

/* Begin XCConfigurationList section */
		D212D7C718D9EBA000B4F852 /* Build configuration list for PBXProject "DrillDownSingleTableView" */ = {
			isa = XCConfigurationList;
			buildConfigurations = (
				D212D7FC18D9EBA000B4F852 /* Debug */,
				D212D7FD18D9EBA000B4F852 /* Release */,
			);
			defaultConfigurationIsVisible = 0;
			defaultConfigurationName = Release;
		};
		D212D7FE18D9EBA000B4F852 /* Build configuration list for PBXNativeTarget "DrillDownSingleTableView" */ = {
			isa = XCConfigurationList;
			buildConfigurations = (
				D212D7FF18D9EBA000B4F852 /* Debug */,
				D212D80018D9EBA000B4F852 /* Release */,
			);
			defaultConfigurationIsVisible = 0;
			defaultConfigurationName = Release;
		};
		D212D80118D9EBA000B4F852 /* Build configuration list for PBXNativeTarget "DrillDownSingleTableViewTests" */ = {
			isa = XCConfigurationList;
			buildConfigurations = (
				D212D80218D9EBA000B4F852 /* Debug */,
				D212D80318D9EBA000B4F852 /* Release */,
			);
			defaultConfigurationIsVisible = 0;
			defaultConfigurationName = Release;
		};
/* End XCConfigurationList section */
	};
	rootObject = D212D7C418D9EBA000B4F852 /* Project object */;
}
